<?xml version="1.0" encoding="utf-8"?>
<Project ToolsVersion="4.0" xmlns="http://schemas.microsoft.com/developer/msbuild/2003">
  <ItemGroup>
    <Filter Include="Исходные файлы">
      <UniqueIdentifier>{4FC737F1-C7A5-4376-A066-2A32D752A2FF}</UniqueIdentifier>
      <Extensions>cpp;c;cc;cxx;c++;cppm;ixx;def;odl;idl;hpj;bat;asm;asmx</Extensions>
    </Filter>
    <Filter Include="Файлы заголовков">
      <UniqueIdentifier>{93995380-89BD-4b04-88EB-625FBE52EBFB}</UniqueIdentifier>
      <Extensions>h;hh;hpp;hxx;h++;hm;inl;inc;ipp;xsd</Extensions>
    </Filter>
    <Filter Include="Файлы ресурсов">
      <UniqueIdentifier>{67DA6AB6-F800-4c08-8B7A-83BB121AAD01}</UniqueIdentifier>
      <Extensions>rc;ico;cur;bmp;dlg;rc2;rct;bin;rgs;gif;jpg;jpeg;jpe;resx;tiff;tif;png;wav;mfcribbon-ms</Extensions>
    </Filter>
    <Filter Include="Файлы заголовков\Monster type">
      <UniqueIdentifier>{7be06b9e-eaab-4c9e-96fc-735c142f3ff0}</UniqueIdentifier>
    </Filter>
    <Filter Include="Файлы заголовков\Monster">
      <UniqueIdentifier>{4694a0eb-ae0b-4914-a614-27278a59f11d}</UniqueIdentifier>
    </Filter>
    <Filter Include="Файлы заголовков\Monster\Undead">
      <UniqueIdentifier>{4fbc3504-8258-4022-9631-26155a1f4857}</UniqueIdentifier>
    </Filter>
    <Filter Include="Файлы заголовков\Monster\Demon">
      <UniqueIdentifier>{33486ea4-d724-441e-8a1c-b0feec59d357}</UniqueIdentifier>
    </Filter>
    <Filter Include="Файлы заголовков\Monster\Spirit">
      <UniqueIdentifier>{c568ede0-d42d-42f1-85c1-73993ea0d76f}</UniqueIdentifier>
    </Filter>
    <Filter Include="Файлы заголовков\Recorder">
      <UniqueIdentifier>{47ed0feb-8d7a-45f0-91b5-1573bdf871ec}</UniqueIdentifier>
    </Filter>
  </ItemGroup>
  <ItemGroup>
    <ClCompile Include="Main.cpp">
      <Filter>Исходные файлы</Filter>
    </ClCompile>
    <ClCompile Include="Perlin.cpp">
      <Filter>Исходные файлы</Filter>
    </ClCompile>
    <ClCompile Include="Render.cpp">
      <Filter>Исходные файлы</Filter>
    </ClCompile>
    <ClCompile Include="Player.cpp">
      <Filter>Исходные файлы</Filter>
    </ClCompile>
    <ClCompile Include="HUD.cpp">
      <Filter>Исходные файлы</Filter>
    </ClCompile>
    <ClCompile Include="Base.cpp">
      <Filter>Исходные файлы</Filter>
    </ClCompile>
    <ClCompile Include="Dungeon.cpp">
      <Filter>Исходные файлы</Filter>
    </ClCompile>
    <ClCompile Include="World.cpp">
      <Filter>Исходные файлы</Filter>
    </ClCompile>
    <ClCompile Include="AStar.cpp">
      <Filter>Исходные файлы</Filter>
    </ClCompile>
    <ClCompile Include="AI.cpp">
      <Filter>Файлы ресурсов</Filter>
    </ClCompile>
  </ItemGroup>
  <ItemGroup>
    <ClInclude Include="World.h">
      <Filter>Файлы заголовков</Filter>
    </ClInclude>
    <ClInclude Include="Perlin.h">
      <Filter>Файлы заголовков</Filter>
    </ClInclude>
    <ClInclude Include="Render.h">
      <Filter>Файлы заголовков</Filter>
    </ClInclude>
    <ClInclude Include="Player.h">
      <Filter>Файлы заголовков</Filter>
    </ClInclude>
    <ClInclude Include="HUD.h">
      <Filter>Файлы заголовков</Filter>
    </ClInclude>
    <ClInclude Include="Base.h">
      <Filter>Файлы заголовков</Filter>
    </ClInclude>
    <ClInclude Include="Character.h">
      <Filter>Файлы ресурсов</Filter>
    </ClInclude>
    <ClInclude Include="Actor.h">
      <Filter>Файлы ресурсов</Filter>
    </ClInclude>
    <ClInclude Include="Castle.h">
      <Filter>Файлы заголовков</Filter>
    </ClInclude>
    <ClInclude Include="Dungeon.h">
      <Filter>Файлы заголовков</Filter>
    </ClInclude>
    <ClInclude Include="AStar.hpp">
      <Filter>Файлы заголовков</Filter>
    </ClInclude>
    <ClInclude Include="AI.h">
      <Filter>Файлы ресурсов</Filter>
    </ClInclude>
    <ClInclude Include="Undead.h">
      <Filter>Файлы заголовков\Monster type</Filter>
    </ClInclude>
    <ClInclude Include="Demon.h">
      <Filter>Файлы заголовков\Monster type</Filter>
    </ClInclude>
    <ClInclude Include="Spirit.h">
      <Filter>Файлы заголовков\Monster type</Filter>
    </ClInclude>
    <ClInclude Include="Skeleton.h">
      <Filter>Файлы заголовков\Monster\Undead</Filter>
    </ClInclude>
    <ClInclude Include="Zombie.h">
      <Filter>Файлы заголовков\Monster\Undead</Filter>
    </ClInclude>
    <ClInclude Include="Draugr.h">
      <Filter>Файлы заголовков\Monster\Undead</Filter>
    </ClInclude>
    <ClInclude Include="Rang_1.h">
      <Filter>Файлы заголовков\Monster</Filter>
    </ClInclude>
    <ClInclude Include="Rang_2.h">
      <Filter>Файлы заголовков\Monster</Filter>
    </ClInclude>
    <ClInclude Include="Rang_3.h">
      <Filter>Файлы заголовков\Monster</Filter>
    </ClInclude>
    <ClInclude Include="Spawner.h">
      <Filter>Файлы заголовков\Monster</Filter>
    </ClInclude>
    <ClInclude Include="Imp.h">
      <Filter>Файлы заголовков\Monster\Demon</Filter>
    </ClInclude>
    <ClInclude Include="Possessed.h">
      <Filter>Файлы заголовков\Monster\Demon</Filter>
    </ClInclude>
    <ClInclude Include="Mancubus.h">
      <Filter>Файлы заголовков\Monster\Demon</Filter>
    </ClInclude>
    <ClInclude Include="Mummy.h">
      <Filter>Файлы заголовков\Monster\Spirit</Filter>
    </ClInclude>
    <ClInclude Include="Gin.h">
      <Filter>Файлы заголовков\Monster\Spirit</Filter>
    </ClInclude>
    <ClInclude Include="Ghoul.h">
      <Filter>Файлы заголовков\Monster\Spirit</Filter>
    </ClInclude>
    <ClInclude Include="Monster.h">
      <Filter>Файлы заголовков\Monster</Filter>
    </ClInclude>
    <ClInclude Include="Recorder.h">
      <Filter>Файлы заголовков\Recorder</Filter>
    </ClInclude>
    <ClInclude Include="Proxy.h">
      <Filter>Файлы заголовков\Recorder</Filter>
    </ClInclude>
    <ClInclude Include="Log.h">
      <Filter>Файлы заголовков\Recorder</Filter>
    </ClInclude>
    <ClInclude Include="Adapter.h">
      <Filter>Файлы заголовков\Recorder</Filter>
    </ClInclude>
  </ItemGroup>
  <ItemGroup>
    <Text Include="log.txt" />
  </ItemGroup>
</Project>